
Microsoft Visual Studio Solution File, Format Version 12.00
# Visual Studio Version 17
VisualStudioVersion = 17.5.002.0
MinimumVisualStudioVersion = 10.0.40219.1
Project("{9A19103F-16F7-4668-BE54-9A1E7A4F7556}") = "Substitution", "Substitution.csproj", "{BF7883E1-4E81-4B4A-AB7E-9406ACF12196}"
EndProject
Global
	GlobalSection(SolutionConfigurationPlatforms) = preSolution
		Debug|Any CPU = Debug|Any CPU
		Release|Any CPU = Release|Any CPU
	EndGlobalSection
	GlobalSection(ProjectConfigurationPlatforms) = postSolution
		{BF7883E1-4E81-4B4A-AB7E-9406ACF12196}.Debug|Any CPU.ActiveCfg = Debug|Any CPU
		{BF7883E1-4E81-4B4A-AB7E-9406ACF12196}.Debug|Any CPU.Build.0 = Debug|Any CPU
		{BF7883E1-4E81-4B4A-AB7E-9406ACF12196}.Release|Any CPU.ActiveCfg = Release|Any CPU
		{BF7883E1-4E81-4B4A-AB7E-9406ACF12196}.Release|Any CPU.Build.0 = Release|Any CPU
	EndGlobalSection
	GlobalSection(SolutionProperties) = preSolution
		HideSolutionNode = FALSE
	EndGlobalSection
	GlobalSection(ExtensibilityGlobals) = postSolution
		SolutionGuid = {5BAF41FE-F3EE-4ABB-8AFF-F62923684A10}
	EndGlobalSection
EndGlobal
