
Microsoft Visual Studio Solution File, Format Version 12.00
# Visual Studio Version 17
VisualStudioVersion = 17.5.002.0
MinimumVisualStudioVersion = 10.0.40219.1
Project("{9A19103F-16F7-4668-BE54-9A1E7A4F7556}") = "N0 V0W3LS", "N0 V0W3LS.csproj", "{99E2DFEE-15DA-40B6-BCAF-088F9311E49F}"
EndProject
Global
	GlobalSection(SolutionConfigurationPlatforms) = preSolution
		Debug|Any CPU = Debug|Any CPU
		Release|Any CPU = Release|Any CPU
	EndGlobalSection
	GlobalSection(ProjectConfigurationPlatforms) = postSolution
		{99E2DFEE-15DA-40B6-BCAF-088F9311E49F}.Debug|Any CPU.ActiveCfg = Debug|Any CPU
		{99E2DFEE-15DA-40B6-BCAF-088F9311E49F}.Debug|Any CPU.Build.0 = Debug|Any CPU
		{99E2DFEE-15DA-40B6-BCAF-088F9311E49F}.Release|Any CPU.ActiveCfg = Release|Any CPU
		{99E2DFEE-15DA-40B6-BCAF-088F9311E49F}.Release|Any CPU.Build.0 = Release|Any CPU
	EndGlobalSection
	GlobalSection(SolutionProperties) = preSolution
		HideSolutionNode = FALSE
	EndGlobalSection
	GlobalSection(ExtensibilityGlobals) = postSolution
		SolutionGuid = {BE1E48A7-7FC9-432F-8191-2AF5AAD5310F}
	EndGlobalSection
EndGlobal
