
Microsoft Visual Studio Solution File, Format Version 12.00
# Visual Studio Version 17
VisualStudioVersion = 17.5.002.0
MinimumVisualStudioVersion = 10.0.40219.1
Project("{9A19103F-16F7-4668-BE54-9A1E7A4F7556}") = "CLA", "CLA.csproj", "{5EB54AD7-9F5D-4E44-BF2B-3BD85EA5FF02}"
EndProject
Global
	GlobalSection(SolutionConfigurationPlatforms) = preSolution
		Debug|Any CPU = Debug|Any CPU
		Release|Any CPU = Release|Any CPU
	EndGlobalSection
	GlobalSection(ProjectConfigurationPlatforms) = postSolution
		{5EB54AD7-9F5D-4E44-BF2B-3BD85EA5FF02}.Debug|Any CPU.ActiveCfg = Debug|Any CPU
		{5EB54AD7-9F5D-4E44-BF2B-3BD85EA5FF02}.Debug|Any CPU.Build.0 = Debug|Any CPU
		{5EB54AD7-9F5D-4E44-BF2B-3BD85EA5FF02}.Release|Any CPU.ActiveCfg = Release|Any CPU
		{5EB54AD7-9F5D-4E44-BF2B-3BD85EA5FF02}.Release|Any CPU.Build.0 = Release|Any CPU
	EndGlobalSection
	GlobalSection(SolutionProperties) = preSolution
		HideSolutionNode = FALSE
	EndGlobalSection
	GlobalSection(ExtensibilityGlobals) = postSolution
		SolutionGuid = {AE7AA687-F265-4368-9787-747C89B9DBBB}
	EndGlobalSection
EndGlobal
